
Microsoft Visual Studio Solution File, Format Version 12.00
# Visual Studio Version 16
VisualStudioVersion = 16.0.31702.278
MinimumVisualStudioVersion = 10.0.40219.1
Project("{9A19103F-16F7-4668-BE54-9A1E7A4F7556}") = "Entities", "Entities\Entities.csproj", "{76D8F677-7C9F-4D4D-AFEE-0CBF899D7E18}"
EndProject
Project("{9A19103F-16F7-4668-BE54-9A1E7A4F7556}") = "DataAccess", "DataAccess\DataAccess.csproj", "{6A04D7C1-A768-4060-A28B-622809A4A492}"
EndProject
Project("{9A19103F-16F7-4668-BE54-9A1E7A4F7556}") = "ConsoleUI", "ConsoleUI\ConsoleUI.csproj", "{0755EE39-0365-4753-9472-EC0A29F3B8CB}"
EndProject
Project("{9A19103F-16F7-4668-BE54-9A1E7A4F7556}") = "Business", "Business\Business.csproj", "{F0316B27-4362-46CF-A3C9-28F39669C52B}"
EndProject
Project("{9A19103F-16F7-4668-BE54-9A1E7A4F7556}") = "Core", "..\FinalProject\Core\Core.csproj", "{04BB577A-D732-473E-BE82-4D3E037FC3D8}"
EndProject
Project("{FAE04EC0-301F-11D3-BF4B-00C04F79EFBC}") = "WebAPI", "WebAPI\WebAPI.csproj", "{B1E5DBBB-2E11-4F8E-879D-9B4343F1C6CA}"
EndProject
Global
	GlobalSection(SolutionConfigurationPlatforms) = preSolution
		Debug|Any CPU = Debug|Any CPU
		Release|Any CPU = Release|Any CPU
	EndGlobalSection
	GlobalSection(ProjectConfigurationPlatforms) = postSolution
		{76D8F677-7C9F-4D4D-AFEE-0CBF899D7E18}.Debug|Any CPU.ActiveCfg = Debug|Any CPU
		{76D8F677-7C9F-4D4D-AFEE-0CBF899D7E18}.Debug|Any CPU.Build.0 = Debug|Any CPU
		{76D8F677-7C9F-4D4D-AFEE-0CBF899D7E18}.Release|Any CPU.ActiveCfg = Release|Any CPU
		{76D8F677-7C9F-4D4D-AFEE-0CBF899D7E18}.Release|Any CPU.Build.0 = Release|Any CPU
		{6A04D7C1-A768-4060-A28B-622809A4A492}.Debug|Any CPU.ActiveCfg = Debug|Any CPU
		{6A04D7C1-A768-4060-A28B-622809A4A492}.Debug|Any CPU.Build.0 = Debug|Any CPU
		{6A04D7C1-A768-4060-A28B-622809A4A492}.Release|Any CPU.ActiveCfg = Release|Any CPU
		{6A04D7C1-A768-4060-A28B-622809A4A492}.Release|Any CPU.Build.0 = Release|Any CPU
		{0755EE39-0365-4753-9472-EC0A29F3B8CB}.Debug|Any CPU.ActiveCfg = Debug|Any CPU
		{0755EE39-0365-4753-9472-EC0A29F3B8CB}.Debug|Any CPU.Build.0 = Debug|Any CPU
		{0755EE39-0365-4753-9472-EC0A29F3B8CB}.Release|Any CPU.ActiveCfg = Release|Any CPU
		{0755EE39-0365-4753-9472-EC0A29F3B8CB}.Release|Any CPU.Build.0 = Release|Any CPU
		{F0316B27-4362-46CF-A3C9-28F39669C52B}.Debug|Any CPU.ActiveCfg = Debug|Any CPU
		{F0316B27-4362-46CF-A3C9-28F39669C52B}.Debug|Any CPU.Build.0 = Debug|Any CPU
		{F0316B27-4362-46CF-A3C9-28F39669C52B}.Release|Any CPU.ActiveCfg = Release|Any CPU
		{F0316B27-4362-46CF-A3C9-28F39669C52B}.Release|Any CPU.Build.0 = Release|Any CPU
		{04BB577A-D732-473E-BE82-4D3E037FC3D8}.Debug|Any CPU.ActiveCfg = Debug|Any CPU
		{04BB577A-D732-473E-BE82-4D3E037FC3D8}.Debug|Any CPU.Build.0 = Debug|Any CPU
		{04BB577A-D732-473E-BE82-4D3E037FC3D8}.Release|Any CPU.ActiveCfg = Release|Any CPU
		{04BB577A-D732-473E-BE82-4D3E037FC3D8}.Release|Any CPU.Build.0 = Release|Any CPU
		{B1E5DBBB-2E11-4F8E-879D-9B4343F1C6CA}.Debug|Any CPU.ActiveCfg = Debug|Any CPU
		{B1E5DBBB-2E11-4F8E-879D-9B4343F1C6CA}.Debug|Any CPU.Build.0 = Debug|Any CPU
		{B1E5DBBB-2E11-4F8E-879D-9B4343F1C6CA}.Release|Any CPU.ActiveCfg = Release|Any CPU
		{B1E5DBBB-2E11-4F8E-879D-9B4343F1C6CA}.Release|Any CPU.Build.0 = Release|Any CPU
	EndGlobalSection
	GlobalSection(SolutionProperties) = preSolution
		HideSolutionNode = FALSE
	EndGlobalSection
	GlobalSection(ExtensibilityGlobals) = postSolution
		SolutionGuid = {0B35872B-3D05-4175-9DD7-948CAD670633}
	EndGlobalSection
EndGlobal
